
Microsoft Visual Studio Solution File, Format Version 12.00
# Visual Studio Version 17
VisualStudioVersion = 17.12.35527.113
MinimumVisualStudioVersion = 10.0.40219.1
Project("{FAE04EC0-301F-11D3-BF4B-00C04F79EFBC}") = "UniversalReportHeavyDemo", "UniversalReportHeavyDemo\UniversalReportHeavyDemo.csproj", "{071EC2C6-A885-48D4-BA05-66D2828C8496}"
EndProject
Project("{E53339B2-1760-4266-BCC7-CA923CBCF16C}") = "docker-compose", "docker-compose.dcproj", "{48929A7D-52B5-4A69-B8CC-6E1D87161DAA}"
EndProject
Project("{FAE04EC0-301F-11D3-BF4B-00C04F79EFBC}") = "UniversalReportCore", "UniversalReportCore\UniversalReportCore.csproj", "{7BA89CFF-59B9-4007-AE5E-F2835D670F3D}"
EndProject
Global
	GlobalSection(SolutionConfigurationPlatforms) = preSolution
		Debug|Any CPU = Debug|Any CPU
		Release|Any CPU = Release|Any CPU
	EndGlobalSection
	GlobalSection(ProjectConfigurationPlatforms) = postSolution
		{071EC2C6-A885-48D4-BA05-66D2828C8496}.Debug|Any CPU.ActiveCfg = Debug|Any CPU
		{071EC2C6-A885-48D4-BA05-66D2828C8496}.Debug|Any CPU.Build.0 = Debug|Any CPU
		{071EC2C6-A885-48D4-BA05-66D2828C8496}.Release|Any CPU.ActiveCfg = Release|Any CPU
		{071EC2C6-A885-48D4-BA05-66D2828C8496}.Release|Any CPU.Build.0 = Release|Any CPU
		{48929A7D-52B5-4A69-B8CC-6E1D87161DAA}.Debug|Any CPU.ActiveCfg = Debug|Any CPU
		{48929A7D-52B5-4A69-B8CC-6E1D87161DAA}.Debug|Any CPU.Build.0 = Debug|Any CPU
		{48929A7D-52B5-4A69-B8CC-6E1D87161DAA}.Release|Any CPU.ActiveCfg = Release|Any CPU
		{48929A7D-52B5-4A69-B8CC-6E1D87161DAA}.Release|Any CPU.Build.0 = Release|Any CPU
		{7BA89CFF-59B9-4007-AE5E-F2835D670F3D}.Debug|Any CPU.ActiveCfg = Debug|Any CPU
		{7BA89CFF-59B9-4007-AE5E-F2835D670F3D}.Debug|Any CPU.Build.0 = Debug|Any CPU
		{7BA89CFF-59B9-4007-AE5E-F2835D670F3D}.Release|Any CPU.ActiveCfg = Release|Any CPU
		{7BA89CFF-59B9-4007-AE5E-F2835D670F3D}.Release|Any CPU.Build.0 = Release|Any CPU
	EndGlobalSection
	GlobalSection(SolutionProperties) = preSolution
		HideSolutionNode = FALSE
	EndGlobalSection
EndGlobal
