
Microsoft Visual Studio Solution File, Format Version 12.00
# Visual Studio Version 17
VisualStudioVersion = 17.0.31903.59
MinimumVisualStudioVersion = 10.0.40219.1
Project("{FAE04EC0-301F-11D3-BF4B-00C04F79EFBC}") = "UniversalReportCore", "UniversalReportCore\UniversalReportCore.csproj", "{5DA9582B-FD9A-4AFC-B68D-9A874798691E}"
EndProject
Project("{FAE04EC0-301F-11D3-BF4B-00C04F79EFBC}") = "UniversalReportCore.Tests", "UniversalReportCore.Tests\UniversalReportCore.Tests.csproj", "{3FE93CC9-5B0B-40B9-B9B2-F4EA5C85715C}"
EndProject
Project("{2150E333-8FDC-42A3-9474-1A3956D46DE8}") = "var", "var", "{C8B472CA-D630-49A2-8F1E-A61264C1EC15}"
	ProjectSection(SolutionItems) = preProject
		build-nuget.ps1 = build-nuget.ps1
		global.json = global.json
		NOTES.txt = NOTES.txt
		README.md = README.md
		screenshot.png = screenshot.png
	EndProjectSection
EndProject
Project("{FAE04EC0-301F-11D3-BF4B-00C04F79EFBC}") = "UniversalReportCore.Ui", "UniversalReportCore.Ui\UniversalReportCore.Ui.csproj", "{F15CF384-F766-D461-B0E2-9D01E9105D03}"
EndProject
Project("{2150E333-8FDC-42A3-9474-1A3956D46DE8}") = "tests", "tests", "{02EA681E-C7D8-13C7-8484-4AC65E1B71E8}"
EndProject
Global
	GlobalSection(SolutionConfigurationPlatforms) = preSolution
		Debug|Any CPU = Debug|Any CPU
		Release|Any CPU = Release|Any CPU
	EndGlobalSection
	GlobalSection(ProjectConfigurationPlatforms) = postSolution
		{5DA9582B-FD9A-4AFC-B68D-9A874798691E}.Debug|Any CPU.ActiveCfg = Debug|Any CPU
		{5DA9582B-FD9A-4AFC-B68D-9A874798691E}.Debug|Any CPU.Build.0 = Debug|Any CPU
		{5DA9582B-FD9A-4AFC-B68D-9A874798691E}.Release|Any CPU.ActiveCfg = Release|Any CPU
		{5DA9582B-FD9A-4AFC-B68D-9A874798691E}.Release|Any CPU.Build.0 = Release|Any CPU
		{3FE93CC9-5B0B-40B9-B9B2-F4EA5C85715C}.Debug|Any CPU.ActiveCfg = Debug|Any CPU
		{3FE93CC9-5B0B-40B9-B9B2-F4EA5C85715C}.Debug|Any CPU.Build.0 = Debug|Any CPU
		{3FE93CC9-5B0B-40B9-B9B2-F4EA5C85715C}.Release|Any CPU.ActiveCfg = Release|Any CPU
		{3FE93CC9-5B0B-40B9-B9B2-F4EA5C85715C}.Release|Any CPU.Build.0 = Release|Any CPU
		{F15CF384-F766-D461-B0E2-9D01E9105D03}.Debug|Any CPU.ActiveCfg = Debug|Any CPU
		{F15CF384-F766-D461-B0E2-9D01E9105D03}.Debug|Any CPU.Build.0 = Debug|Any CPU
		{F15CF384-F766-D461-B0E2-9D01E9105D03}.Release|Any CPU.ActiveCfg = Release|Any CPU
		{F15CF384-F766-D461-B0E2-9D01E9105D03}.Release|Any CPU.Build.0 = Release|Any CPU
	EndGlobalSection
	GlobalSection(SolutionProperties) = preSolution
		HideSolutionNode = FALSE
	EndGlobalSection
	GlobalSection(NestedProjects) = preSolution
		{3FE93CC9-5B0B-40B9-B9B2-F4EA5C85715C} = {02EA681E-C7D8-13C7-8484-4AC65E1B71E8}
	EndGlobalSection
	GlobalSection(ExtensibilityGlobals) = postSolution
		SolutionGuid = {579F4262-93BC-4ACA-A6CC-A416272F80AF}
	EndGlobalSection
EndGlobal
