
Microsoft Visual Studio Solution File, Format Version 12.00
# Visual Studio Version 17
VisualStudioVersion = 17.12.35527.113 d17.12
MinimumVisualStudioVersion = 10.0.40219.1
Project("{FAE04EC0-301F-11D3-BF4B-00C04F79EFBC}") = "UniversalReportDemo", "UniversalReportDemo.csproj", "{2E5851AB-C114-4EDD-8B2B-D866393C101E}"
EndProject
Project("{FAE04EC0-301F-11D3-BF4B-00C04F79EFBC}") = "UniversalReportCore", "..\UniversalReportCore\UniversalReportCore.csproj", "{16CF5B2D-7068-47BB-817F-932954DCA08C}"
EndProject
Global
	GlobalSection(SolutionConfigurationPlatforms) = preSolution
		Debug|Any CPU = Debug|Any CPU
		Release|Any CPU = Release|Any CPU
	EndGlobalSection
	GlobalSection(ProjectConfigurationPlatforms) = postSolution
		{2E5851AB-C114-4EDD-8B2B-D866393C101E}.Debug|Any CPU.ActiveCfg = Debug|Any CPU
		{2E5851AB-C114-4EDD-8B2B-D866393C101E}.Debug|Any CPU.Build.0 = Debug|Any CPU
		{2E5851AB-C114-4EDD-8B2B-D866393C101E}.Release|Any CPU.ActiveCfg = Release|Any CPU
		{2E5851AB-C114-4EDD-8B2B-D866393C101E}.Release|Any CPU.Build.0 = Release|Any CPU
		{16CF5B2D-7068-47BB-817F-932954DCA08C}.Debug|Any CPU.ActiveCfg = Debug|Any CPU
		{16CF5B2D-7068-47BB-817F-932954DCA08C}.Debug|Any CPU.Build.0 = Debug|Any CPU
		{16CF5B2D-7068-47BB-817F-932954DCA08C}.Release|Any CPU.ActiveCfg = Release|Any CPU
		{16CF5B2D-7068-47BB-817F-932954DCA08C}.Release|Any CPU.Build.0 = Release|Any CPU
	EndGlobalSection
	GlobalSection(SolutionProperties) = preSolution
		HideSolutionNode = FALSE
	EndGlobalSection
EndGlobal
